
Microsoft Visual Studio Solution File, Format Version 12.00
# Visual Studio Version 16
VisualStudioVersion = 16.0.31613.86
MinimumVisualStudioVersion = 10.0.40219.1
Project("{2150E333-8FDC-42A3-9474-1A3956D46DE8}") = "src", "src", "{4409D768-536B-4C72-85C4-2E07D418EADE}"
EndProject
Project("{2150E333-8FDC-42A3-9474-1A3956D46DE8}") = "Hello World", "Hello World", "{6C7918FF-D001-4E60-A904-3485D66DBEBE}"
EndProject
Project("{9A19103F-16F7-4668-BE54-9A1E7A4F7556}") = "Send", "src\HelloWorld\Send\Send.csproj", "{A168C834-EB49-47F9-BC0B-809D86F3AC23}"
EndProject
Project("{9A19103F-16F7-4668-BE54-9A1E7A4F7556}") = "Receive", "src\HelloWorld\Receive\Receive.csproj", "{F9E49ED9-A13B-4AC8-AE54-05D73F24490A}"
EndProject
Project("{FAE04EC0-301F-11D3-BF4B-00C04F79EFBC}") = "HelloBus", "src\HelloWorld\HelloBus\HelloBus.csproj", "{BBAD4DF4-EF38-47D5-8969-6DEE7FD250B3}"
EndProject
Global
	GlobalSection(SolutionConfigurationPlatforms) = preSolution
		Debug|Any CPU = Debug|Any CPU
		Release|Any CPU = Release|Any CPU
	EndGlobalSection
	GlobalSection(ProjectConfigurationPlatforms) = postSolution
		{A168C834-EB49-47F9-BC0B-809D86F3AC23}.Debug|Any CPU.ActiveCfg = Debug|Any CPU
		{A168C834-EB49-47F9-BC0B-809D86F3AC23}.Debug|Any CPU.Build.0 = Debug|Any CPU
		{A168C834-EB49-47F9-BC0B-809D86F3AC23}.Release|Any CPU.ActiveCfg = Release|Any CPU
		{A168C834-EB49-47F9-BC0B-809D86F3AC23}.Release|Any CPU.Build.0 = Release|Any CPU
		{F9E49ED9-A13B-4AC8-AE54-05D73F24490A}.Debug|Any CPU.ActiveCfg = Debug|Any CPU
		{F9E49ED9-A13B-4AC8-AE54-05D73F24490A}.Debug|Any CPU.Build.0 = Debug|Any CPU
		{F9E49ED9-A13B-4AC8-AE54-05D73F24490A}.Release|Any CPU.ActiveCfg = Release|Any CPU
		{F9E49ED9-A13B-4AC8-AE54-05D73F24490A}.Release|Any CPU.Build.0 = Release|Any CPU
		{BBAD4DF4-EF38-47D5-8969-6DEE7FD250B3}.Debug|Any CPU.ActiveCfg = Debug|Any CPU
		{BBAD4DF4-EF38-47D5-8969-6DEE7FD250B3}.Debug|Any CPU.Build.0 = Debug|Any CPU
		{BBAD4DF4-EF38-47D5-8969-6DEE7FD250B3}.Release|Any CPU.ActiveCfg = Release|Any CPU
		{BBAD4DF4-EF38-47D5-8969-6DEE7FD250B3}.Release|Any CPU.Build.0 = Release|Any CPU
	EndGlobalSection
	GlobalSection(SolutionProperties) = preSolution
		HideSolutionNode = FALSE
	EndGlobalSection
	GlobalSection(NestedProjects) = preSolution
		{6C7918FF-D001-4E60-A904-3485D66DBEBE} = {4409D768-536B-4C72-85C4-2E07D418EADE}
		{A168C834-EB49-47F9-BC0B-809D86F3AC23} = {6C7918FF-D001-4E60-A904-3485D66DBEBE}
		{F9E49ED9-A13B-4AC8-AE54-05D73F24490A} = {6C7918FF-D001-4E60-A904-3485D66DBEBE}
		{BBAD4DF4-EF38-47D5-8969-6DEE7FD250B3} = {6C7918FF-D001-4E60-A904-3485D66DBEBE}
	EndGlobalSection
	GlobalSection(ExtensibilityGlobals) = postSolution
		SolutionGuid = {7D872AA8-B984-4808-A3A1-A25309F344BF}
	EndGlobalSection
EndGlobal
