
Microsoft Visual Studio Solution File, Format Version 12.00
# Visual Studio Version 16
VisualStudioVersion = 16.0.31613.86
MinimumVisualStudioVersion = 10.0.40219.1
Project("{2150E333-8FDC-42A3-9474-1A3956D46DE8}") = "src", "src", "{4409D768-536B-4C72-85C4-2E07D418EADE}"
EndProject
Project("{2150E333-8FDC-42A3-9474-1A3956D46DE8}") = "Hello World", "Hello World", "{6C7918FF-D001-4E60-A904-3485D66DBEBE}"
EndProject
Project("{9A19103F-16F7-4668-BE54-9A1E7A4F7556}") = "Send", "src\HelloWorld\Send\Send.csproj", "{A168C834-EB49-47F9-BC0B-809D86F3AC23}"
EndProject
Project("{9A19103F-16F7-4668-BE54-9A1E7A4F7556}") = "Receive", "src\HelloWorld\Receive\Receive.csproj", "{F9E49ED9-A13B-4AC8-AE54-05D73F24490A}"
EndProject
Project("{9A19103F-16F7-4668-BE54-9A1E7A4F7556}") = "RabbitBus", "src\HelloWorld\RabbitBus\RabbitBus.csproj", "{BBAD4DF4-EF38-47D5-8969-6DEE7FD250B3}"
EndProject
Project("{2150E333-8FDC-42A3-9474-1A3956D46DE8}") = "Work Queues", "Work Queues", "{BD833FCB-F753-4E6E-AA4D-D288EDFF5895}"
EndProject
Project("{9A19103F-16F7-4668-BE54-9A1E7A4F7556}") = "NewTask", "src\WorkQueues\NewTask\NewTask.csproj", "{168381EF-C7E2-403C-8F9A-F9C346550684}"
EndProject
Project("{9A19103F-16F7-4668-BE54-9A1E7A4F7556}") = "Worker", "src\WorkQueues\Worker\Worker.csproj", "{8A33D729-8950-4EAF-9F3F-726FE375E44D}"
EndProject
Project("{2150E333-8FDC-42A3-9474-1A3956D46DE8}") = "Publish Subscribe", "Publish Subscribe", "{7092BF64-0C9F-4788-9B23-21B6BAC1B388}"
EndProject
Project("{9A19103F-16F7-4668-BE54-9A1E7A4F7556}") = "ReceiveLogs", "src\PublishSubscribe\ReceiveLogs\ReceiveLogs.csproj", "{E83980CC-623C-4FD2-8989-F0AC7E424D45}"
EndProject
Project("{9A19103F-16F7-4668-BE54-9A1E7A4F7556}") = "EmitLog", "src\PublishSubscribe\EmitLog\EmitLog.csproj", "{C43D3CFF-C7BC-4C29-8B9B-009059B950AA}"
EndProject
Project("{2150E333-8FDC-42A3-9474-1A3956D46DE8}") = "Routing", "Routing", "{51AD5420-11C0-4C13-AE99-97F704FBFD40}"
EndProject
Project("{9A19103F-16F7-4668-BE54-9A1E7A4F7556}") = "EmitLogDirect", "src\Routing\EmitLogDirect\EmitLogDirect.csproj", "{D41E03D0-46E6-4DA7-82E6-8051B737A36C}"
EndProject
Project("{9A19103F-16F7-4668-BE54-9A1E7A4F7556}") = "ReceiveLogsDirect", "src\Routing\ReceiveLogsDirect\ReceiveLogsDirect.csproj", "{17B0007D-9544-42A1-BF3B-62C407F6057E}"
EndProject
Project("{2150E333-8FDC-42A3-9474-1A3956D46DE8}") = "Topics", "Topics", "{966F73AB-6571-4FE7-930D-7683D9CD1EC1}"
EndProject
Project("{9A19103F-16F7-4668-BE54-9A1E7A4F7556}") = "EmitLogTopic", "src\Topics\EmitLogTopic\EmitLogTopic.csproj", "{759111BE-4BBC-4277-BB7F-1BE535C8FE2A}"
EndProject
Project("{9A19103F-16F7-4668-BE54-9A1E7A4F7556}") = "ReceiveLogsTopic", "src\Topics\ReceiveLogsTopic\ReceiveLogsTopic.csproj", "{6F4F9A4A-5791-4F9E-B182-3CB6107DAC4D}"
EndProject
Project("{2150E333-8FDC-42A3-9474-1A3956D46DE8}") = "RPC", "RPC", "{17E340DA-99A8-4842-9C58-FA8BADAF67B5}"
EndProject
Project("{FAE04EC0-301F-11D3-BF4B-00C04F79EFBC}") = "RPCServer", "src\RPC\RPCServer\RPCServer.csproj", "{AB8EBDD7-D3DA-4358-8C30-E778076CB9E0}"
EndProject
Project("{FAE04EC0-301F-11D3-BF4B-00C04F79EFBC}") = "RpcClient", "src\RPC\RpcClient\RpcClient.csproj", "{6C20EB05-32F1-4940-AA89-8DA26FC8F090}"
EndProject
Global
	GlobalSection(SolutionConfigurationPlatforms) = preSolution
		Debug|Any CPU = Debug|Any CPU
		Release|Any CPU = Release|Any CPU
	EndGlobalSection
	GlobalSection(ProjectConfigurationPlatforms) = postSolution
		{A168C834-EB49-47F9-BC0B-809D86F3AC23}.Debug|Any CPU.ActiveCfg = Debug|Any CPU
		{A168C834-EB49-47F9-BC0B-809D86F3AC23}.Debug|Any CPU.Build.0 = Debug|Any CPU
		{A168C834-EB49-47F9-BC0B-809D86F3AC23}.Release|Any CPU.ActiveCfg = Release|Any CPU
		{A168C834-EB49-47F9-BC0B-809D86F3AC23}.Release|Any CPU.Build.0 = Release|Any CPU
		{F9E49ED9-A13B-4AC8-AE54-05D73F24490A}.Debug|Any CPU.ActiveCfg = Debug|Any CPU
		{F9E49ED9-A13B-4AC8-AE54-05D73F24490A}.Debug|Any CPU.Build.0 = Debug|Any CPU
		{F9E49ED9-A13B-4AC8-AE54-05D73F24490A}.Release|Any CPU.ActiveCfg = Release|Any CPU
		{F9E49ED9-A13B-4AC8-AE54-05D73F24490A}.Release|Any CPU.Build.0 = Release|Any CPU
		{BBAD4DF4-EF38-47D5-8969-6DEE7FD250B3}.Debug|Any CPU.ActiveCfg = Debug|Any CPU
		{BBAD4DF4-EF38-47D5-8969-6DEE7FD250B3}.Debug|Any CPU.Build.0 = Debug|Any CPU
		{BBAD4DF4-EF38-47D5-8969-6DEE7FD250B3}.Release|Any CPU.ActiveCfg = Release|Any CPU
		{BBAD4DF4-EF38-47D5-8969-6DEE7FD250B3}.Release|Any CPU.Build.0 = Release|Any CPU
		{168381EF-C7E2-403C-8F9A-F9C346550684}.Debug|Any CPU.ActiveCfg = Debug|Any CPU
		{168381EF-C7E2-403C-8F9A-F9C346550684}.Debug|Any CPU.Build.0 = Debug|Any CPU
		{168381EF-C7E2-403C-8F9A-F9C346550684}.Release|Any CPU.ActiveCfg = Release|Any CPU
		{168381EF-C7E2-403C-8F9A-F9C346550684}.Release|Any CPU.Build.0 = Release|Any CPU
		{8A33D729-8950-4EAF-9F3F-726FE375E44D}.Debug|Any CPU.ActiveCfg = Debug|Any CPU
		{8A33D729-8950-4EAF-9F3F-726FE375E44D}.Debug|Any CPU.Build.0 = Debug|Any CPU
		{8A33D729-8950-4EAF-9F3F-726FE375E44D}.Release|Any CPU.ActiveCfg = Release|Any CPU
		{8A33D729-8950-4EAF-9F3F-726FE375E44D}.Release|Any CPU.Build.0 = Release|Any CPU
		{E83980CC-623C-4FD2-8989-F0AC7E424D45}.Debug|Any CPU.ActiveCfg = Debug|Any CPU
		{E83980CC-623C-4FD2-8989-F0AC7E424D45}.Debug|Any CPU.Build.0 = Debug|Any CPU
		{E83980CC-623C-4FD2-8989-F0AC7E424D45}.Release|Any CPU.ActiveCfg = Release|Any CPU
		{E83980CC-623C-4FD2-8989-F0AC7E424D45}.Release|Any CPU.Build.0 = Release|Any CPU
		{C43D3CFF-C7BC-4C29-8B9B-009059B950AA}.Debug|Any CPU.ActiveCfg = Debug|Any CPU
		{C43D3CFF-C7BC-4C29-8B9B-009059B950AA}.Debug|Any CPU.Build.0 = Debug|Any CPU
		{C43D3CFF-C7BC-4C29-8B9B-009059B950AA}.Release|Any CPU.ActiveCfg = Release|Any CPU
		{C43D3CFF-C7BC-4C29-8B9B-009059B950AA}.Release|Any CPU.Build.0 = Release|Any CPU
		{D41E03D0-46E6-4DA7-82E6-8051B737A36C}.Debug|Any CPU.ActiveCfg = Debug|Any CPU
		{D41E03D0-46E6-4DA7-82E6-8051B737A36C}.Debug|Any CPU.Build.0 = Debug|Any CPU
		{D41E03D0-46E6-4DA7-82E6-8051B737A36C}.Release|Any CPU.ActiveCfg = Release|Any CPU
		{D41E03D0-46E6-4DA7-82E6-8051B737A36C}.Release|Any CPU.Build.0 = Release|Any CPU
		{17B0007D-9544-42A1-BF3B-62C407F6057E}.Debug|Any CPU.ActiveCfg = Debug|Any CPU
		{17B0007D-9544-42A1-BF3B-62C407F6057E}.Debug|Any CPU.Build.0 = Debug|Any CPU
		{17B0007D-9544-42A1-BF3B-62C407F6057E}.Release|Any CPU.ActiveCfg = Release|Any CPU
		{17B0007D-9544-42A1-BF3B-62C407F6057E}.Release|Any CPU.Build.0 = Release|Any CPU
		{759111BE-4BBC-4277-BB7F-1BE535C8FE2A}.Debug|Any CPU.ActiveCfg = Debug|Any CPU
		{759111BE-4BBC-4277-BB7F-1BE535C8FE2A}.Debug|Any CPU.Build.0 = Debug|Any CPU
		{759111BE-4BBC-4277-BB7F-1BE535C8FE2A}.Release|Any CPU.ActiveCfg = Release|Any CPU
		{759111BE-4BBC-4277-BB7F-1BE535C8FE2A}.Release|Any CPU.Build.0 = Release|Any CPU
		{6F4F9A4A-5791-4F9E-B182-3CB6107DAC4D}.Debug|Any CPU.ActiveCfg = Debug|Any CPU
		{6F4F9A4A-5791-4F9E-B182-3CB6107DAC4D}.Debug|Any CPU.Build.0 = Debug|Any CPU
		{6F4F9A4A-5791-4F9E-B182-3CB6107DAC4D}.Release|Any CPU.ActiveCfg = Release|Any CPU
		{6F4F9A4A-5791-4F9E-B182-3CB6107DAC4D}.Release|Any CPU.Build.0 = Release|Any CPU
		{AB8EBDD7-D3DA-4358-8C30-E778076CB9E0}.Debug|Any CPU.ActiveCfg = Debug|Any CPU
		{AB8EBDD7-D3DA-4358-8C30-E778076CB9E0}.Debug|Any CPU.Build.0 = Debug|Any CPU
		{AB8EBDD7-D3DA-4358-8C30-E778076CB9E0}.Release|Any CPU.ActiveCfg = Release|Any CPU
		{AB8EBDD7-D3DA-4358-8C30-E778076CB9E0}.Release|Any CPU.Build.0 = Release|Any CPU
		{6C20EB05-32F1-4940-AA89-8DA26FC8F090}.Debug|Any CPU.ActiveCfg = Debug|Any CPU
		{6C20EB05-32F1-4940-AA89-8DA26FC8F090}.Debug|Any CPU.Build.0 = Debug|Any CPU
		{6C20EB05-32F1-4940-AA89-8DA26FC8F090}.Release|Any CPU.ActiveCfg = Release|Any CPU
		{6C20EB05-32F1-4940-AA89-8DA26FC8F090}.Release|Any CPU.Build.0 = Release|Any CPU
	EndGlobalSection
	GlobalSection(SolutionProperties) = preSolution
		HideSolutionNode = FALSE
	EndGlobalSection
	GlobalSection(NestedProjects) = preSolution
		{6C7918FF-D001-4E60-A904-3485D66DBEBE} = {4409D768-536B-4C72-85C4-2E07D418EADE}
		{A168C834-EB49-47F9-BC0B-809D86F3AC23} = {6C7918FF-D001-4E60-A904-3485D66DBEBE}
		{F9E49ED9-A13B-4AC8-AE54-05D73F24490A} = {6C7918FF-D001-4E60-A904-3485D66DBEBE}
		{BBAD4DF4-EF38-47D5-8969-6DEE7FD250B3} = {6C7918FF-D001-4E60-A904-3485D66DBEBE}
		{BD833FCB-F753-4E6E-AA4D-D288EDFF5895} = {4409D768-536B-4C72-85C4-2E07D418EADE}
		{168381EF-C7E2-403C-8F9A-F9C346550684} = {BD833FCB-F753-4E6E-AA4D-D288EDFF5895}
		{8A33D729-8950-4EAF-9F3F-726FE375E44D} = {BD833FCB-F753-4E6E-AA4D-D288EDFF5895}
		{7092BF64-0C9F-4788-9B23-21B6BAC1B388} = {4409D768-536B-4C72-85C4-2E07D418EADE}
		{E83980CC-623C-4FD2-8989-F0AC7E424D45} = {7092BF64-0C9F-4788-9B23-21B6BAC1B388}
		{C43D3CFF-C7BC-4C29-8B9B-009059B950AA} = {7092BF64-0C9F-4788-9B23-21B6BAC1B388}
		{51AD5420-11C0-4C13-AE99-97F704FBFD40} = {4409D768-536B-4C72-85C4-2E07D418EADE}
		{D41E03D0-46E6-4DA7-82E6-8051B737A36C} = {51AD5420-11C0-4C13-AE99-97F704FBFD40}
		{17B0007D-9544-42A1-BF3B-62C407F6057E} = {51AD5420-11C0-4C13-AE99-97F704FBFD40}
		{966F73AB-6571-4FE7-930D-7683D9CD1EC1} = {4409D768-536B-4C72-85C4-2E07D418EADE}
		{759111BE-4BBC-4277-BB7F-1BE535C8FE2A} = {966F73AB-6571-4FE7-930D-7683D9CD1EC1}
		{6F4F9A4A-5791-4F9E-B182-3CB6107DAC4D} = {966F73AB-6571-4FE7-930D-7683D9CD1EC1}
		{17E340DA-99A8-4842-9C58-FA8BADAF67B5} = {4409D768-536B-4C72-85C4-2E07D418EADE}
		{AB8EBDD7-D3DA-4358-8C30-E778076CB9E0} = {17E340DA-99A8-4842-9C58-FA8BADAF67B5}
		{6C20EB05-32F1-4940-AA89-8DA26FC8F090} = {17E340DA-99A8-4842-9C58-FA8BADAF67B5}
	EndGlobalSection
	GlobalSection(ExtensibilityGlobals) = postSolution
		SolutionGuid = {7D872AA8-B984-4808-A3A1-A25309F344BF}
	EndGlobalSection
EndGlobal
